
Microsoft Visual Studio Solution File, Format Version 12.00
# Visual Studio 15
VisualStudioVersion = 15.0.26403.7
MinimumVisualStudioVersion = 10.0.40219.1
Project("{FAE04EC0-301F-11D3-BF4B-00C04F79EFBC}") = "TeamSealSixApi", "TeamSealSixApi\TeamSealSixApi.csproj", "{1BF1A308-CAE8-4C24-AA6F-487C8ABD7052}"
EndProject
Project("{FAE04EC0-301F-11D3-BF4B-00C04F79EFBC}") = "DataAccess", "DataAccess\DataAccess.csproj", "{E336D495-4AEB-4A90-859A-67D1AF0055C3}"
EndProject
Project("{FAE04EC0-301F-11D3-BF4B-00C04F79EFBC}") = "Hub", "Hub\Hub.csproj", "{6AA88769-8C13-4D4F-BB5F-F625242F5FAC}"
EndProject
Project("{FAE04EC0-301F-11D3-BF4B-00C04F79EFBC}") = "Application", "Application\Application.csproj", "{BFC55D53-2855-4137-9465-4F14D7E777E6}"
EndProject
Project("{FAE04EC0-301F-11D3-BF4B-00C04F79EFBC}") = "DataAccess.Integration.Tests", "DataAccess.Integration.Tests\DataAccess.Integration.Tests.csproj", "{9FF61746-8794-4548-B025-1B6EC455B8F0}"
EndProject
Global
	GlobalSection(SolutionConfigurationPlatforms) = preSolution
		Debug|Any CPU = Debug|Any CPU
		Release|Any CPU = Release|Any CPU
	EndGlobalSection
	GlobalSection(ProjectConfigurationPlatforms) = postSolution
		{1BF1A308-CAE8-4C24-AA6F-487C8ABD7052}.Debug|Any CPU.ActiveCfg = Debug|Any CPU
		{1BF1A308-CAE8-4C24-AA6F-487C8ABD7052}.Debug|Any CPU.Build.0 = Debug|Any CPU
		{1BF1A308-CAE8-4C24-AA6F-487C8ABD7052}.Release|Any CPU.ActiveCfg = Release|Any CPU
		{1BF1A308-CAE8-4C24-AA6F-487C8ABD7052}.Release|Any CPU.Build.0 = Release|Any CPU
		{E336D495-4AEB-4A90-859A-67D1AF0055C3}.Debug|Any CPU.ActiveCfg = Debug|Any CPU
		{E336D495-4AEB-4A90-859A-67D1AF0055C3}.Debug|Any CPU.Build.0 = Debug|Any CPU
		{E336D495-4AEB-4A90-859A-67D1AF0055C3}.Release|Any CPU.ActiveCfg = Release|Any CPU
		{E336D495-4AEB-4A90-859A-67D1AF0055C3}.Release|Any CPU.Build.0 = Release|Any CPU
		{6AA88769-8C13-4D4F-BB5F-F625242F5FAC}.Debug|Any CPU.ActiveCfg = Debug|Any CPU
		{6AA88769-8C13-4D4F-BB5F-F625242F5FAC}.Debug|Any CPU.Build.0 = Debug|Any CPU
		{6AA88769-8C13-4D4F-BB5F-F625242F5FAC}.Release|Any CPU.ActiveCfg = Release|Any CPU
		{6AA88769-8C13-4D4F-BB5F-F625242F5FAC}.Release|Any CPU.Build.0 = Release|Any CPU
		{BFC55D53-2855-4137-9465-4F14D7E777E6}.Debug|Any CPU.ActiveCfg = Debug|Any CPU
		{BFC55D53-2855-4137-9465-4F14D7E777E6}.Debug|Any CPU.Build.0 = Debug|Any CPU
		{BFC55D53-2855-4137-9465-4F14D7E777E6}.Release|Any CPU.ActiveCfg = Release|Any CPU
		{BFC55D53-2855-4137-9465-4F14D7E777E6}.Release|Any CPU.Build.0 = Release|Any CPU
		{9FF61746-8794-4548-B025-1B6EC455B8F0}.Debug|Any CPU.ActiveCfg = Debug|Any CPU
		{9FF61746-8794-4548-B025-1B6EC455B8F0}.Debug|Any CPU.Build.0 = Debug|Any CPU
		{9FF61746-8794-4548-B025-1B6EC455B8F0}.Release|Any CPU.ActiveCfg = Release|Any CPU
		{9FF61746-8794-4548-B025-1B6EC455B8F0}.Release|Any CPU.Build.0 = Release|Any CPU
	EndGlobalSection
	GlobalSection(SolutionProperties) = preSolution
		HideSolutionNode = FALSE
	EndGlobalSection
EndGlobal
